// !$*UTF8*$!
{
	archiveVersion = 1;
	classes = {
	};
	objectVersion = 46;
	objects = {

/* Begin PBXBuildFile section */
		3B0E4EF21BA0AF9000DF7377 /* AppDelegate.swift in Sources */ = {isa = PBXBuildFile; fileRef = 3B0E4EF11BA0AF9000DF7377 /* AppDelegate.swift */; };
		3B0E4EF41BA0AF9000DF7377 /* ViewController.swift in Sources */ = {isa = PBXBuildFile; fileRef = 3B0E4EF31BA0AF9000DF7377 /* ViewController.swift */; };
		3B0E4EF71BA0AF9000DF7377 /* Main.storyboard in Resources */ = {isa = PBXBuildFile; fileRef = 3B0E4EF51BA0AF9000DF7377 /* Main.storyboard */; };
		3B0E4EF91BA0AF9000DF7377 /* Images.xcassets in Resources */ = {isa = PBXBuildFile; fileRef = 3B0E4EF81BA0AF9000DF7377 /* Images.xcassets */; };
		3B0E4EFC1BA0AF9000DF7377 /* LaunchScreen.xib in Resources */ = {isa = PBXBuildFile; fileRef = 3B0E4EFA1BA0AF9000DF7377 /* LaunchScreen.xib */; };
		3B0E4F081BA0AF9000DF7377 /* Lab_1Tests.swift in Sources */ = {isa = PBXBuildFile; fileRef = 3B0E4F071BA0AF9000DF7377 /* Lab_1Tests.swift */; };
/* End PBXBuildFile section */

/* Begin PBXContainerItemProxy section */
		3B0E4F021BA0AF9000DF7377 /* PBXContainerItemProxy */ = {
			isa = PBXContainerItemProxy;
			containerPortal = 3B0E4EE41BA0AF8F00DF7377 /* Project object */;
			proxyType = 1;
			remoteGlobalIDString = 3B0E4EEB1BA0AF9000DF7377;
			remoteInfo = "Lab-1";
		};
/* End PBXContainerItemProxy section */

/* Begin PBXFileReference section */
		3B0E4EEC1BA0AF9000DF7377 /* Lab-1.app */ = {isa = PBXFileReference; explicitFileType = wrapper.application; includeInIndex = 0; path = "Lab-1.app"; sourceTree = BUILT_PRODUCTS_DIR; };
		3B0E4EF01BA0AF9000DF7377 /* Info.plist */ = {isa = PBXFileReference; lastKnownFileType = text.plist.xml; path = Info.plist; sourceTree = "<group>"; };
		3B0E4EF11BA0AF9000DF7377 /* AppDelegate.swift */ = {isa = PBXFileReference; lastKnownFileType = sourcecode.swift; path = AppDelegate.swift; sourceTree = "<group>"; };
		3B0E4EF31BA0AF9000DF7377 /* ViewController.swift */ = {isa = PBXFileReference; lastKnownFileType = sourcecode.swift; path = ViewController.swift; sourceTree = "<group>"; };
		3B0E4EF61BA0AF9000DF7377 /* Base */ = {isa = PBXFileReference; lastKnownFileType = file.storyboard; name = Base; path = Base.lproj/Main.storyboard; sourceTree = "<group>"; };
		3B0E4EF81BA0AF9000DF7377 /* Images.xcassets */ = {isa = PBXFileReference; lastKnownFileType = folder.assetcatalog; path = Images.xcassets; sourceTree = "<group>"; };
		3B0E4EFB1BA0AF9000DF7377 /* Base */ = {isa = PBXFileReference; lastKnownFileType = file.xib; name = Base; path = Base.lproj/LaunchScreen.xib; sourceTree = "<group>"; };
		3B0E4F011BA0AF9000DF7377 /* Lab-1Tests.xctest */ = {isa = PBXFileReference; explicitFileType = wrapper.cfbundle; includeInIndex = 0; path = "Lab-1Tests.xctest"; sourceTree = BUILT_PRODUCTS_DIR; };
		3B0E4F061BA0AF9000DF7377 /* Info.plist */ = {isa = PBXFileReference; lastKnownFileType = text.plist.xml; path = Info.plist; sourceTree = "<group>"; };
		3B0E4F071BA0AF9000DF7377 /* Lab_1Tests.swift */ = {isa = PBXFileReference; lastKnownFileType = sourcecode.swift; path = Lab_1Tests.swift; sourceTree = "<group>"; };
/* End PBXFileReference section */

/* Begin PBXFrameworksBuildPhase section */
		3B0E4EE91BA0AF9000DF7377 /* Frameworks */ = {
			isa = PBXFrameworksBuildPhase;
			buildActionMask = 2147483647;
			files = (
			);
			runOnlyForDeploymentPostprocessing = 0;
		};
		3B0E4EFE1BA0AF9000DF7377 /* Frameworks */ = {
			isa = PBXFrameworksBuildPhase;
			buildActionMask = 2147483647;
			files = (
			);
			runOnlyForDeploymentPostprocessing = 0;
		};
/* End PBXFrameworksBuildPhase section */

/* Begin PBXGroup section */
		3B0E4EE31BA0AF8F00DF7377 = {
			isa = PBXGroup;
			children = (
				3B0E4EEE1BA0AF9000DF7377 /* Lab-1 */,
				3B0E4F041BA0AF9000DF7377 /* Lab-1Tests */,
				3B0E4EED1BA0AF9000DF7377 /* Products */,
			);
			sourceTree = "<group>";
		};
		3B0E4EED1BA0AF9000DF7377 /* Products */ = {
			isa = PBXGroup;
			children = (
				3B0E4EEC1BA0AF9000DF7377 /* Lab-1.app */,
				3B0E4F011BA0AF9000DF7377 /* Lab-1Tests.xctest */,
			);
			name = Products;
			sourceTree = "<group>";
		};
		3B0E4EEE1BA0AF9000DF7377 /* Lab-1 */ = {
			isa = PBXGroup;
			children = (
				3B0E4EF11BA0AF9000DF7377 /* AppDelegate.swift */,
				3B0E4EF31BA0AF9000DF7377 /* ViewController.swift */,
				3B0E4EF51BA0AF9000DF7377 /* Main.storyboard */,
				3B0E4EF81BA0AF9000DF7377 /* Images.xcassets */,
				3B0E4EFA1BA0AF9000DF7377 /* LaunchScreen.xib */,
				3B0E4EEF1BA0AF9000DF7377 /* Supporting Files */,
			);
			path = "Lab-1";
			sourceTree = "<group>";
		};
		3B0E4EEF1BA0AF9000DF7377 /* Supporting Files */ = {
			isa = PBXGroup;
			children = (
				3B0E4EF01BA0AF9000DF7377 /* Info.plist */,
			);
			name = "Supporting Files";
			sourceTree = "<group>";
		};
		3B0E4F041BA0AF9000DF7377 /* Lab-1Tests */ = {
			isa = PBXGroup;
			children = (
				3B0E4F071BA0AF9000DF7377 /* Lab_1Tests.swift */,
				3B0E4F051BA0AF9000DF7377 /* Supporting Files */,
			);
			path = "Lab-1Tests";
			sourceTree = "<group>";
		};
		3B0E4F051BA0AF9000DF7377 /* Supporting Files */ = {
			isa = PBXGroup;
			children = (
				3B0E4F061BA0AF9000DF7377 /* Info.plist */,
			);
			name = "Supporting Files";
			sourceTree = "<group>";
		};
/* End PBXGroup section */

/* Begin PBXNativeTarget section */
		3B0E4EEB1BA0AF9000DF7377 /* Lab-1 */ = {
			isa = PBXNativeTarget;
			buildConfigurationList = 3B0E4F0B1BA0AF9000DF7377 /* Build configuration list for PBXNativeTarget "Lab-1" */;
			buildPhases = (
				3B0E4EE81BA0AF9000DF7377 /* Sources */,
				3B0E4EE91BA0AF9000DF7377 /* Frameworks */,
				3B0E4EEA1BA0AF9000DF7377 /* Resources */,
			);
			buildRules = (
			);
			dependencies = (
			);
			name = "Lab-1";
			productName = "Lab-1";
			productReference = 3B0E4EEC1BA0AF9000DF7377 /* Lab-1.app */;
			productType = "com.apple.product-type.application";
		};
		3B0E4F001BA0AF9000DF7377 /* Lab-1Tests */ = {
			isa = PBXNativeTarget;
			buildConfigurationList = 3B0E4F0E1BA0AF9000DF7377 /* Build configuration list for PBXNativeTarget "Lab-1Tests" */;
			buildPhases = (
				3B0E4EFD1BA0AF9000DF7377 /* Sources */,
				3B0E4EFE1BA0AF9000DF7377 /* Frameworks */,
				3B0E4EFF1BA0AF9000DF7377 /* Resources */,
			);
			buildRules = (
			);
			dependencies = (
				3B0E4F031BA0AF9000DF7377 /* PBXTargetDependency */,
			);
			name = "Lab-1Tests";
			productName = "Lab-1Tests";
			productReference = 3B0E4F011BA0AF9000DF7377 /* Lab-1Tests.xctest */;
			productType = "com.apple.product-type.bundle.unit-test";
		};
/* End PBXNativeTarget section */

/* Begin PBXProject section */
		3B0E4EE41BA0AF8F00DF7377 /* Project object */ = {
			isa = PBXProject;
			attributes = {
				LastUpgradeCheck = 0640;
				ORGANIZATIONNAME = "Sterling Fraser";
				TargetAttributes = {
					3B0E4EEB1BA0AF9000DF7377 = {
						CreatedOnToolsVersion = 6.4;
					};
					3B0E4F001BA0AF9000DF7377 = {
						CreatedOnToolsVersion = 6.4;
						TestTargetID = 3B0E4EEB1BA0AF9000DF7377;
					};
				};
			};
			buildConfigurationList = 3B0E4EE71BA0AF8F00DF7377 /* Build configuration list for PBXProject "Lab-1" */;
			compatibilityVersion = "Xcode 3.2";
			developmentRegion = English;
			hasScannedForEncodings = 0;
			knownRegions = (
				en,
				Base,
			);
			mainGroup = 3B0E4EE31BA0AF8F00DF7377;
			productRefGroup = 3B0E4EED1BA0AF9000DF7377 /* Products */;
			projectDirPath = "";
			projectRoot = "";
			targets = (
				3B0E4EEB1BA0AF9000DF7377 /* Lab-1 */,
				3B0E4F001BA0AF9000DF7377 /* Lab-1Tests */,
			);
		};
/* End PBXProject section */

/* Begin PBXResourcesBuildPhase section */
		3B0E4EEA1BA0AF9000DF7377 /* Resources */ = {
			isa = PBXResourcesBuildPhase;
			buildActionMask = 2147483647;
			files = (
				3B0E4EF71BA0AF9000DF7377 /* Main.storyboard in Resources */,
				3B0E4EFC1BA0AF9000DF7377 /* LaunchScreen.xib in Resources */,
				3B0E4EF91BA0AF9000DF7377 /* Images.xcassets in Resources */,
			);
			runOnlyForDeploymentPostprocessing = 0;
		};
		3B0E4EFF1BA0AF9000DF7377 /* Resources */ = {
			isa = PBXResourcesBuildPhase;
			buildActionMask = 2147483647;
			files = (
			);
			runOnlyForDeploymentPostprocessing = 0;
		};
/* End PBXResourcesBuildPhase section */

/* Begin PBXSourcesBuildPhase section */
		3B0E4EE81BA0AF9000DF7377 /* Sources */ = {
			isa = PBXSourcesBuildPhase;
			buildActionMask = 2147483647;
			files = (
				3B0E4EF41BA0AF9000DF7377 /* ViewController.swift in Sources */,
				3B0E4EF21BA0AF9000DF7377 /* AppDelegate.swift in Sources */,
			);
			runOnlyForDeploymentPostprocessing = 0;
		};
		3B0E4EFD1BA0AF9000DF7377 /* Sources */ = {
			isa = PBXSourcesBuildPhase;
			buildActionMask = 2147483647;
			files = (
				3B0E4F081BA0AF9000DF7377 /* Lab_1Tests.swift in Sources */,
			);
			runOnlyForDeploymentPostprocessing = 0;
		};
/* End PBXSourcesBuildPhase section */

/* Begin PBXTargetDependency section */
		3B0E4F031BA0AF9000DF7377 /* PBXTargetDependency */ = {
			isa = PBXTargetDependency;
			target = 3B0E4EEB1BA0AF9000DF7377 /* Lab-1 */;
			targetProxy = 3B0E4F021BA0AF9000DF7377 /* PBXContainerItemProxy */;
		};
/* End PBXTargetDependency section */

/* Begin PBXVariantGroup section */
		3B0E4EF51BA0AF9000DF7377 /* Main.storyboard */ = {
			isa = PBXVariantGroup;
			children = (
				3B0E4EF61BA0AF9000DF7377 /* Base */,
			);
			name = Main.storyboard;
			sourceTree = "<group>";
		};
		3B0E4EFA1BA0AF9000DF7377 /* LaunchScreen.xib */ = {
			isa = PBXVariantGroup;
			children = (
				3B0E4EFB1BA0AF9000DF7377 /* Base */,
			);
			name = LaunchScreen.xib;
			sourceTree = "<group>";
		};
/* End PBXVariantGroup section */

/* Begin XCBuildConfiguration section */
		3B0E4F091BA0AF9000DF7377 /* Debug */ = {
			isa = XCBuildConfiguration;
			buildSettings = {
				ALWAYS_SEARCH_USER_PATHS = NO;
				CLANG_CXX_LANGUAGE_STANDARD = "gnu++0x";
				CLANG_CXX_LIBRARY = "libc++";
				CLANG_ENABLE_MODULES = YES;
				CLANG_ENABLE_OBJC_ARC = YES;
				CLANG_WARN_BOOL_CONVERSION = YES;
				CLANG_WARN_CONSTANT_CONVERSION = YES;
				CLANG_WARN_DIRECT_OBJC_ISA_USAGE = YES_ERROR;
				CLANG_WARN_EMPTY_BODY = YES;
				CLANG_WARN_ENUM_CONVERSION = YES;
				CLANG_WARN_INT_CONVERSION = YES;
				CLANG_WARN_OBJC_ROOT_CLASS = YES_ERROR;
				CLANG_WARN_UNREACHABLE_CODE = YES;
				CLANG_WARN__DUPLICATE_METHOD_MATCH = YES;
				"CODE_SIGN_IDENTITY[sdk=iphoneos*]" = "iPhone Developer";
				COPY_PHASE_STRIP = NO;
				DEBUG_INFORMATION_FORMAT = "dwarf-with-dsym";
				ENABLE_STRICT_OBJC_MSGSEND = YES;
				GCC_C_LANGUAGE_STANDARD = gnu99;
				GCC_DYNAMIC_NO_PIC = NO;
				GCC_NO_COMMON_BLOCKS = YES;
				GCC_OPTIMIZATION_LEVEL = 0;
				GCC_PREPROCESSOR_DEFINITIONS = (
					"DEBUG=1",
					"$(inherited)",
				);
				GCC_SYMBOLS_PRIVATE_EXTERN = NO;
				GCC_WARN_64_TO_32_BIT_CONVERSION = YES;
				GCC_WARN_ABOUT_RETURN_TYPE = YES_ERROR;
				GCC_WARN_UNDECLARED_SELECTOR = YES;
				GCC_WARN_UNINITIALIZED_AUTOS = YES_AGGRESSIVE;
				GCC_WARN_UNUSED_FUNCTION = YES;
				GCC_WARN_UNUSED_VARIABLE = YES;
				IPHONEOS_DEPLOYMENT_TARGET = 8.4;
				MTL_ENABLE_DEBUG_INFO = YES;
				ONLY_ACTIVE_ARCH = YES;
				SDKROOT = iphoneos;
				SWIFT_OPTIMIZATION_LEVEL = "-Onone";
			};
			name = Debug;
		};
		3B0E4F0A1BA0AF9000DF7377 /* Release */ = {
			isa = XCBuildConfiguration;
			buildSettings = {
				ALWAYS_SEARCH_USER_PATHS = NO;
				CLANG_CXX_LANGUAGE_STANDARD = "gnu++0x";
				CLANG_CXX_LIBRARY = "libc++";
				CLANG_ENABLE_MODULES = YES;
				CLANG_ENABLE_OBJC_ARC = YES;
				CLANG_WARN_BOOL_CONVERSION = YES;
				CLANG_WARN_CONSTANT_CONVERSION = YES;
				CLANG_WARN_DIRECT_OBJC_ISA_USAGE = YES_ERROR;
				CLANG_WARN_EMPTY_BODY = YES;
				CLANG_WARN_ENUM_CONVERSION = YES;
				CLANG_WARN_INT_CONVERSION = YES;
				CLANG_WARN_OBJC_ROOT_CLASS = YES_ERROR;
				CLANG_WARN_UNREACHABLE_CODE = YES;
				CLANG_WARN__DUPLICATE_METHOD_MATCH = YES;
				"CODE_SIGN_IDENTITY[sdk=iphoneos*]" = "iPhone Developer";
				COPY_PHASE_STRIP = NO;
				DEBUG_INFORMATION_FORMAT = "dwarf-with-dsym";
				ENABLE_NS_ASSERTIONS = NO;
				ENABLE_STRICT_OBJC_MSGSEND = YES;
				GCC_C_LANGUAGE_STANDARD = gnu99;
				GCC_NO_COMMON_BLOCKS = YES;
				GCC_WARN_64_TO_32_BIT_CONVERSION = YES;
				GCC_WARN_ABOUT_RETURN_TYPE = YES_ERROR;
				GCC_WARN_UNDECLARED_SELECTOR = YES;
				GCC_WARN_UNINITIALIZED_AUTOS = YES_AGGRESSIVE;
				GCC_WARN_UNUSED_FUNCTION = YES;
				GCC_WARN_UNUSED_VARIABLE = YES;
				IPHONEOS_DEPLOYMENT_TARGET = 8.4;
				MTL_ENABLE_DEBUG_INFO = NO;
				SDKROOT = iphoneos;
				VALIDATE_PRODUCT = YES;
			};
			name = Release;
		};
		3B0E4F0C1BA0AF9000DF7377 /* Debug */ = {
			isa = XCBuildConfiguration;
			buildSettings = {
				ASSETCATALOG_COMPILER_APPICON_NAME = AppIcon;
				INFOPLIST_FILE = "Lab-1/Info.plist";
				LD_RUNPATH_SEARCH_PATHS = "$(inherited) @executable_path/Frameworks";
				PRODUCT_NAME = "$(TARGET_NAME)";
			};
			name = Debug;
		};
		3B0E4F0D1BA0AF9000DF7377 /* Release */ = {
			isa = XCBuildConfiguration;
			buildSettings = {
				ASSETCATALOG_COMPILER_APPICON_NAME = AppIcon;
				INFOPLIST_FILE = "Lab-1/Info.plist";
				LD_RUNPATH_SEARCH_PATHS = "$(inherited) @executable_path/Frameworks";
				PRODUCT_NAME = "$(TARGET_NAME)";
			};
			name = Release;
		};
		3B0E4F0F1BA0AF9000DF7377 /* Debug */ = {
			isa = XCBuildConfiguration;
			buildSettings = {
				BUNDLE_LOADER = "$(TEST_HOST)";
				FRAMEWORK_SEARCH_PATHS = (
					"$(SDKROOT)/Developer/Library/Frameworks",
					"$(inherited)",
				);
				GCC_PREPROCESSOR_DEFINITIONS = (
					"DEBUG=1",
					"$(inherited)",
				);
				INFOPLIST_FILE = "Lab-1Tests/Info.plist";
				LD_RUNPATH_SEARCH_PATHS = "$(inherited) @executable_path/Frameworks @loader_path/Frameworks";
				PRODUCT_NAME = "$(TARGET_NAME)";
				TEST_HOST = "$(BUILT_PRODUCTS_DIR)/Lab-1.app/Lab-1";
			};
			name = Debug;
		};
		3B0E4F101BA0AF9000DF7377 /* Release */ = {
			isa = XCBuildConfiguration;
			buildSettings = {
				BUNDLE_LOADER = "$(TEST_HOST)";
				FRAMEWORK_SEARCH_PATHS = (
					"$(SDKROOT)/Developer/Library/Frameworks",
					"$(inherited)",
				);
				INFOPLIST_FILE = "Lab-1Tests/Info.plist";
				LD_RUNPATH_SEARCH_PATHS = "$(inherited) @executable_path/Frameworks @loader_path/Frameworks";
				PRODUCT_NAME = "$(TARGET_NAME)";
				TEST_HOST = "$(BUILT_PRODUCTS_DIR)/Lab-1.app/Lab-1";
			};
			name = Release;
		};
/* End XCBuildConfiguration section */

/* Begin XCConfigurationList section */
		3B0E4EE71BA0AF8F00DF7377 /* Build configuration list for PBXProject "Lab-1" */ = {
			isa = XCConfigurationList;
			buildConfigurations = (
				3B0E4F091BA0AF9000DF7377 /* Debug */,
				3B0E4F0A1BA0AF9000DF7377 /* Release */,
			);
			defaultConfigurationIsVisible = 0;
			defaultConfigurationName = Release;
		};
		3B0E4F0B1BA0AF9000DF7377 /* Build configuration list for PBXNativeTarget "Lab-1" */ = {
			isa = XCConfigurationList;
			buildConfigurations = (
				3B0E4F0C1BA0AF9000DF7377 /* Debug */,
				3B0E4F0D1BA0AF9000DF7377 /* Release */,
			);
			defaultConfigurationIsVisible = 0;
		};
		3B0E4F0E1BA0AF9000DF7377 /* Build configuration list for PBXNativeTarget "Lab-1Tests" */ = {
			isa = XCConfigurationList;
			buildConfigurations = (
				3B0E4F0F1BA0AF9000DF7377 /* Debug */,
				3B0E4F101BA0AF9000DF7377 /* Release */,
			);
			defaultConfigurationIsVisible = 0;
		};
/* End XCConfigurationList section */
	};
	rootObject = 3B0E4EE41BA0AF8F00DF7377 /* Project object */;
}
