// !$*UTF8*$!
{
	archiveVersion = 1;
	classes = {
	};
	objectVersion = 46;
	objects = {

/* Begin PBXBuildFile section */
		3B235FA61BC6C65E00D4A921 /* AppDelegate.swift in Sources */ = {isa = PBXBuildFile; fileRef = 3B235FA51BC6C65E00D4A921 /* AppDelegate.swift */; };
		3B235FA81BC6C65E00D4A921 /* ViewController.swift in Sources */ = {isa = PBXBuildFile; fileRef = 3B235FA71BC6C65E00D4A921 /* ViewController.swift */; };
		3B235FAB1BC6C65E00D4A921 /* Main.storyboard in Resources */ = {isa = PBXBuildFile; fileRef = 3B235FA91BC6C65E00D4A921 /* Main.storyboard */; };
		3B235FAD1BC6C65E00D4A921 /* Images.xcassets in Resources */ = {isa = PBXBuildFile; fileRef = 3B235FAC1BC6C65E00D4A921 /* Images.xcassets */; };
		3B235FB01BC6C65E00D4A921 /* LaunchScreen.xib in Resources */ = {isa = PBXBuildFile; fileRef = 3B235FAE1BC6C65E00D4A921 /* LaunchScreen.xib */; };
		3B235FBC1BC6C65E00D4A921 /* LocationsTests.swift in Sources */ = {isa = PBXBuildFile; fileRef = 3B235FBB1BC6C65E00D4A921 /* LocationsTests.swift */; };
		3B235FC61BC6C77A00D4A921 /* CoreLocation.framework in Frameworks */ = {isa = PBXBuildFile; fileRef = 3B235FC51BC6C77A00D4A921 /* CoreLocation.framework */; };
		3B235FC81BC6C78300D4A921 /* MapKit.framework in Frameworks */ = {isa = PBXBuildFile; fileRef = 3B235FC71BC6C78300D4A921 /* MapKit.framework */; };
/* End PBXBuildFile section */

/* Begin PBXContainerItemProxy section */
		3B235FB61BC6C65E00D4A921 /* PBXContainerItemProxy */ = {
			isa = PBXContainerItemProxy;
			containerPortal = 3B235F981BC6C65E00D4A921 /* Project object */;
			proxyType = 1;
			remoteGlobalIDString = 3B235F9F1BC6C65E00D4A921;
			remoteInfo = Locations;
		};
/* End PBXContainerItemProxy section */

/* Begin PBXFileReference section */
		3B235FA01BC6C65E00D4A921 /* Locations.app */ = {isa = PBXFileReference; explicitFileType = wrapper.application; includeInIndex = 0; path = Locations.app; sourceTree = BUILT_PRODUCTS_DIR; };
		3B235FA41BC6C65E00D4A921 /* Info.plist */ = {isa = PBXFileReference; lastKnownFileType = text.plist.xml; path = Info.plist; sourceTree = "<group>"; };
		3B235FA51BC6C65E00D4A921 /* AppDelegate.swift */ = {isa = PBXFileReference; lastKnownFileType = sourcecode.swift; path = AppDelegate.swift; sourceTree = "<group>"; };
		3B235FA71BC6C65E00D4A921 /* ViewController.swift */ = {isa = PBXFileReference; lastKnownFileType = sourcecode.swift; path = ViewController.swift; sourceTree = "<group>"; };
		3B235FAA1BC6C65E00D4A921 /* Base */ = {isa = PBXFileReference; lastKnownFileType = file.storyboard; name = Base; path = Base.lproj/Main.storyboard; sourceTree = "<group>"; };
		3B235FAC1BC6C65E00D4A921 /* Images.xcassets */ = {isa = PBXFileReference; lastKnownFileType = folder.assetcatalog; path = Images.xcassets; sourceTree = "<group>"; };
		3B235FAF1BC6C65E00D4A921 /* Base */ = {isa = PBXFileReference; lastKnownFileType = file.xib; name = Base; path = Base.lproj/LaunchScreen.xib; sourceTree = "<group>"; };
		3B235FB51BC6C65E00D4A921 /* LocationsTests.xctest */ = {isa = PBXFileReference; explicitFileType = wrapper.cfbundle; includeInIndex = 0; path = LocationsTests.xctest; sourceTree = BUILT_PRODUCTS_DIR; };
		3B235FBA1BC6C65E00D4A921 /* Info.plist */ = {isa = PBXFileReference; lastKnownFileType = text.plist.xml; path = Info.plist; sourceTree = "<group>"; };
		3B235FBB1BC6C65E00D4A921 /* LocationsTests.swift */ = {isa = PBXFileReference; lastKnownFileType = sourcecode.swift; path = LocationsTests.swift; sourceTree = "<group>"; };
		3B235FC51BC6C77A00D4A921 /* CoreLocation.framework */ = {isa = PBXFileReference; lastKnownFileType = wrapper.framework; name = CoreLocation.framework; path = System/Library/Frameworks/CoreLocation.framework; sourceTree = SDKROOT; };
		3B235FC71BC6C78300D4A921 /* MapKit.framework */ = {isa = PBXFileReference; lastKnownFileType = wrapper.framework; name = MapKit.framework; path = System/Library/Frameworks/MapKit.framework; sourceTree = SDKROOT; };
/* End PBXFileReference section */

/* Begin PBXFrameworksBuildPhase section */
		3B235F9D1BC6C65E00D4A921 /* Frameworks */ = {
			isa = PBXFrameworksBuildPhase;
			buildActionMask = 2147483647;
			files = (
				3B235FC81BC6C78300D4A921 /* MapKit.framework in Frameworks */,
				3B235FC61BC6C77A00D4A921 /* CoreLocation.framework in Frameworks */,
			);
			runOnlyForDeploymentPostprocessing = 0;
		};
		3B235FB21BC6C65E00D4A921 /* Frameworks */ = {
			isa = PBXFrameworksBuildPhase;
			buildActionMask = 2147483647;
			files = (
			);
			runOnlyForDeploymentPostprocessing = 0;
		};
/* End PBXFrameworksBuildPhase section */

/* Begin PBXGroup section */
		3B235F971BC6C65E00D4A921 = {
			isa = PBXGroup;
			children = (
				3B235FC71BC6C78300D4A921 /* MapKit.framework */,
				3B235FC51BC6C77A00D4A921 /* CoreLocation.framework */,
				3B235FA21BC6C65E00D4A921 /* Locations */,
				3B235FB81BC6C65E00D4A921 /* LocationsTests */,
				3B235FA11BC6C65E00D4A921 /* Products */,
			);
			sourceTree = "<group>";
		};
		3B235FA11BC6C65E00D4A921 /* Products */ = {
			isa = PBXGroup;
			children = (
				3B235FA01BC6C65E00D4A921 /* Locations.app */,
				3B235FB51BC6C65E00D4A921 /* LocationsTests.xctest */,
			);
			name = Products;
			sourceTree = "<group>";
		};
		3B235FA21BC6C65E00D4A921 /* Locations */ = {
			isa = PBXGroup;
			children = (
				3B235FA51BC6C65E00D4A921 /* AppDelegate.swift */,
				3B235FA71BC6C65E00D4A921 /* ViewController.swift */,
				3B235FA91BC6C65E00D4A921 /* Main.storyboard */,
				3B235FAC1BC6C65E00D4A921 /* Images.xcassets */,
				3B235FAE1BC6C65E00D4A921 /* LaunchScreen.xib */,
				3B235FA31BC6C65E00D4A921 /* Supporting Files */,
			);
			path = Locations;
			sourceTree = "<group>";
		};
		3B235FA31BC6C65E00D4A921 /* Supporting Files */ = {
			isa = PBXGroup;
			children = (
				3B235FA41BC6C65E00D4A921 /* Info.plist */,
			);
			name = "Supporting Files";
			sourceTree = "<group>";
		};
		3B235FB81BC6C65E00D4A921 /* LocationsTests */ = {
			isa = PBXGroup;
			children = (
				3B235FBB1BC6C65E00D4A921 /* LocationsTests.swift */,
				3B235FB91BC6C65E00D4A921 /* Supporting Files */,
			);
			path = LocationsTests;
			sourceTree = "<group>";
		};
		3B235FB91BC6C65E00D4A921 /* Supporting Files */ = {
			isa = PBXGroup;
			children = (
				3B235FBA1BC6C65E00D4A921 /* Info.plist */,
			);
			name = "Supporting Files";
			sourceTree = "<group>";
		};
/* End PBXGroup section */

/* Begin PBXNativeTarget section */
		3B235F9F1BC6C65E00D4A921 /* Locations */ = {
			isa = PBXNativeTarget;
			buildConfigurationList = 3B235FBF1BC6C65E00D4A921 /* Build configuration list for PBXNativeTarget "Locations" */;
			buildPhases = (
				3B235F9C1BC6C65E00D4A921 /* Sources */,
				3B235F9D1BC6C65E00D4A921 /* Frameworks */,
				3B235F9E1BC6C65E00D4A921 /* Resources */,
			);
			buildRules = (
			);
			dependencies = (
			);
			name = Locations;
			productName = Locations;
			productReference = 3B235FA01BC6C65E00D4A921 /* Locations.app */;
			productType = "com.apple.product-type.application";
		};
		3B235FB41BC6C65E00D4A921 /* LocationsTests */ = {
			isa = PBXNativeTarget;
			buildConfigurationList = 3B235FC21BC6C65E00D4A921 /* Build configuration list for PBXNativeTarget "LocationsTests" */;
			buildPhases = (
				3B235FB11BC6C65E00D4A921 /* Sources */,
				3B235FB21BC6C65E00D4A921 /* Frameworks */,
				3B235FB31BC6C65E00D4A921 /* Resources */,
			);
			buildRules = (
			);
			dependencies = (
				3B235FB71BC6C65E00D4A921 /* PBXTargetDependency */,
			);
			name = LocationsTests;
			productName = LocationsTests;
			productReference = 3B235FB51BC6C65E00D4A921 /* LocationsTests.xctest */;
			productType = "com.apple.product-type.bundle.unit-test";
		};
/* End PBXNativeTarget section */

/* Begin PBXProject section */
		3B235F981BC6C65E00D4A921 /* Project object */ = {
			isa = PBXProject;
			attributes = {
				LastUpgradeCheck = 0640;
				ORGANIZATIONNAME = "Sterling Fraser";
				TargetAttributes = {
					3B235F9F1BC6C65E00D4A921 = {
						CreatedOnToolsVersion = 6.4;
					};
					3B235FB41BC6C65E00D4A921 = {
						CreatedOnToolsVersion = 6.4;
						TestTargetID = 3B235F9F1BC6C65E00D4A921;
					};
				};
			};
			buildConfigurationList = 3B235F9B1BC6C65E00D4A921 /* Build configuration list for PBXProject "Locations" */;
			compatibilityVersion = "Xcode 3.2";
			developmentRegion = English;
			hasScannedForEncodings = 0;
			knownRegions = (
				en,
				Base,
			);
			mainGroup = 3B235F971BC6C65E00D4A921;
			productRefGroup = 3B235FA11BC6C65E00D4A921 /* Products */;
			projectDirPath = "";
			projectRoot = "";
			targets = (
				3B235F9F1BC6C65E00D4A921 /* Locations */,
				3B235FB41BC6C65E00D4A921 /* LocationsTests */,
			);
		};
/* End PBXProject section */

/* Begin PBXResourcesBuildPhase section */
		3B235F9E1BC6C65E00D4A921 /* Resources */ = {
			isa = PBXResourcesBuildPhase;
			buildActionMask = 2147483647;
			files = (
				3B235FAB1BC6C65E00D4A921 /* Main.storyboard in Resources */,
				3B235FB01BC6C65E00D4A921 /* LaunchScreen.xib in Resources */,
				3B235FAD1BC6C65E00D4A921 /* Images.xcassets in Resources */,
			);
			runOnlyForDeploymentPostprocessing = 0;
		};
		3B235FB31BC6C65E00D4A921 /* Resources */ = {
			isa = PBXResourcesBuildPhase;
			buildActionMask = 2147483647;
			files = (
			);
			runOnlyForDeploymentPostprocessing = 0;
		};
/* End PBXResourcesBuildPhase section */

/* Begin PBXSourcesBuildPhase section */
		3B235F9C1BC6C65E00D4A921 /* Sources */ = {
			isa = PBXSourcesBuildPhase;
			buildActionMask = 2147483647;
			files = (
				3B235FA81BC6C65E00D4A921 /* ViewController.swift in Sources */,
				3B235FA61BC6C65E00D4A921 /* AppDelegate.swift in Sources */,
			);
			runOnlyForDeploymentPostprocessing = 0;
		};
		3B235FB11BC6C65E00D4A921 /* Sources */ = {
			isa = PBXSourcesBuildPhase;
			buildActionMask = 2147483647;
			files = (
				3B235FBC1BC6C65E00D4A921 /* LocationsTests.swift in Sources */,
			);
			runOnlyForDeploymentPostprocessing = 0;
		};
/* End PBXSourcesBuildPhase section */

/* Begin PBXTargetDependency section */
		3B235FB71BC6C65E00D4A921 /* PBXTargetDependency */ = {
			isa = PBXTargetDependency;
			target = 3B235F9F1BC6C65E00D4A921 /* Locations */;
			targetProxy = 3B235FB61BC6C65E00D4A921 /* PBXContainerItemProxy */;
		};
/* End PBXTargetDependency section */

/* Begin PBXVariantGroup section */
		3B235FA91BC6C65E00D4A921 /* Main.storyboard */ = {
			isa = PBXVariantGroup;
			children = (
				3B235FAA1BC6C65E00D4A921 /* Base */,
			);
			name = Main.storyboard;
			sourceTree = "<group>";
		};
		3B235FAE1BC6C65E00D4A921 /* LaunchScreen.xib */ = {
			isa = PBXVariantGroup;
			children = (
				3B235FAF1BC6C65E00D4A921 /* Base */,
			);
			name = LaunchScreen.xib;
			sourceTree = "<group>";
		};
/* End PBXVariantGroup section */

/* Begin XCBuildConfiguration section */
		3B235FBD1BC6C65E00D4A921 /* Debug */ = {
			isa = XCBuildConfiguration;
			buildSettings = {
				ALWAYS_SEARCH_USER_PATHS = NO;
				CLANG_CXX_LANGUAGE_STANDARD = "gnu++0x";
				CLANG_CXX_LIBRARY = "libc++";
				CLANG_ENABLE_MODULES = YES;
				CLANG_ENABLE_OBJC_ARC = YES;
				CLANG_WARN_BOOL_CONVERSION = YES;
				CLANG_WARN_CONSTANT_CONVERSION = YES;
				CLANG_WARN_DIRECT_OBJC_ISA_USAGE = YES_ERROR;
				CLANG_WARN_EMPTY_BODY = YES;
				CLANG_WARN_ENUM_CONVERSION = YES;
				CLANG_WARN_INT_CONVERSION = YES;
				CLANG_WARN_OBJC_ROOT_CLASS = YES_ERROR;
				CLANG_WARN_UNREACHABLE_CODE = YES;
				CLANG_WARN__DUPLICATE_METHOD_MATCH = YES;
				"CODE_SIGN_IDENTITY[sdk=iphoneos*]" = "iPhone Developer";
				COPY_PHASE_STRIP = NO;
				DEBUG_INFORMATION_FORMAT = "dwarf-with-dsym";
				ENABLE_STRICT_OBJC_MSGSEND = YES;
				GCC_C_LANGUAGE_STANDARD = gnu99;
				GCC_DYNAMIC_NO_PIC = NO;
				GCC_NO_COMMON_BLOCKS = YES;
				GCC_OPTIMIZATION_LEVEL = 0;
				GCC_PREPROCESSOR_DEFINITIONS = (
					"DEBUG=1",
					"$(inherited)",
				);
				GCC_SYMBOLS_PRIVATE_EXTERN = NO;
				GCC_WARN_64_TO_32_BIT_CONVERSION = YES;
				GCC_WARN_ABOUT_RETURN_TYPE = YES_ERROR;
				GCC_WARN_UNDECLARED_SELECTOR = YES;
				GCC_WARN_UNINITIALIZED_AUTOS = YES_AGGRESSIVE;
				GCC_WARN_UNUSED_FUNCTION = YES;
				GCC_WARN_UNUSED_VARIABLE = YES;
				IPHONEOS_DEPLOYMENT_TARGET = 8.4;
				MTL_ENABLE_DEBUG_INFO = YES;
				ONLY_ACTIVE_ARCH = YES;
				SDKROOT = iphoneos;
				SWIFT_OPTIMIZATION_LEVEL = "-Onone";
			};
			name = Debug;
		};
		3B235FBE1BC6C65E00D4A921 /* Release */ = {
			isa = XCBuildConfiguration;
			buildSettings = {
				ALWAYS_SEARCH_USER_PATHS = NO;
				CLANG_CXX_LANGUAGE_STANDARD = "gnu++0x";
				CLANG_CXX_LIBRARY = "libc++";
				CLANG_ENABLE_MODULES = YES;
				CLANG_ENABLE_OBJC_ARC = YES;
				CLANG_WARN_BOOL_CONVERSION = YES;
				CLANG_WARN_CONSTANT_CONVERSION = YES;
				CLANG_WARN_DIRECT_OBJC_ISA_USAGE = YES_ERROR;
				CLANG_WARN_EMPTY_BODY = YES;
				CLANG_WARN_ENUM_CONVERSION = YES;
				CLANG_WARN_INT_CONVERSION = YES;
				CLANG_WARN_OBJC_ROOT_CLASS = YES_ERROR;
				CLANG_WARN_UNREACHABLE_CODE = YES;
				CLANG_WARN__DUPLICATE_METHOD_MATCH = YES;
				"CODE_SIGN_IDENTITY[sdk=iphoneos*]" = "iPhone Developer";
				COPY_PHASE_STRIP = NO;
				DEBUG_INFORMATION_FORMAT = "dwarf-with-dsym";
				ENABLE_NS_ASSERTIONS = NO;
				ENABLE_STRICT_OBJC_MSGSEND = YES;
				GCC_C_LANGUAGE_STANDARD = gnu99;
				GCC_NO_COMMON_BLOCKS = YES;
				GCC_WARN_64_TO_32_BIT_CONVERSION = YES;
				GCC_WARN_ABOUT_RETURN_TYPE = YES_ERROR;
				GCC_WARN_UNDECLARED_SELECTOR = YES;
				GCC_WARN_UNINITIALIZED_AUTOS = YES_AGGRESSIVE;
				GCC_WARN_UNUSED_FUNCTION = YES;
				GCC_WARN_UNUSED_VARIABLE = YES;
				IPHONEOS_DEPLOYMENT_TARGET = 8.4;
				MTL_ENABLE_DEBUG_INFO = NO;
				SDKROOT = iphoneos;
				VALIDATE_PRODUCT = YES;
			};
			name = Release;
		};
		3B235FC01BC6C65E00D4A921 /* Debug */ = {
			isa = XCBuildConfiguration;
			buildSettings = {
				ASSETCATALOG_COMPILER_APPICON_NAME = AppIcon;
				INFOPLIST_FILE = Locations/Info.plist;
				LD_RUNPATH_SEARCH_PATHS = "$(inherited) @executable_path/Frameworks";
				PRODUCT_NAME = "$(TARGET_NAME)";
			};
			name = Debug;
		};
		3B235FC11BC6C65E00D4A921 /* Release */ = {
			isa = XCBuildConfiguration;
			buildSettings = {
				ASSETCATALOG_COMPILER_APPICON_NAME = AppIcon;
				INFOPLIST_FILE = Locations/Info.plist;
				LD_RUNPATH_SEARCH_PATHS = "$(inherited) @executable_path/Frameworks";
				PRODUCT_NAME = "$(TARGET_NAME)";
			};
			name = Release;
		};
		3B235FC31BC6C65E00D4A921 /* Debug */ = {
			isa = XCBuildConfiguration;
			buildSettings = {
				BUNDLE_LOADER = "$(TEST_HOST)";
				FRAMEWORK_SEARCH_PATHS = (
					"$(SDKROOT)/Developer/Library/Frameworks",
					"$(inherited)",
				);
				GCC_PREPROCESSOR_DEFINITIONS = (
					"DEBUG=1",
					"$(inherited)",
				);
				INFOPLIST_FILE = LocationsTests/Info.plist;
				LD_RUNPATH_SEARCH_PATHS = "$(inherited) @executable_path/Frameworks @loader_path/Frameworks";
				PRODUCT_NAME = "$(TARGET_NAME)";
				TEST_HOST = "$(BUILT_PRODUCTS_DIR)/Locations.app/Locations";
			};
			name = Debug;
		};
		3B235FC41BC6C65E00D4A921 /* Release */ = {
			isa = XCBuildConfiguration;
			buildSettings = {
				BUNDLE_LOADER = "$(TEST_HOST)";
				FRAMEWORK_SEARCH_PATHS = (
					"$(SDKROOT)/Developer/Library/Frameworks",
					"$(inherited)",
				);
				INFOPLIST_FILE = LocationsTests/Info.plist;
				LD_RUNPATH_SEARCH_PATHS = "$(inherited) @executable_path/Frameworks @loader_path/Frameworks";
				PRODUCT_NAME = "$(TARGET_NAME)";
				TEST_HOST = "$(BUILT_PRODUCTS_DIR)/Locations.app/Locations";
			};
			name = Release;
		};
/* End XCBuildConfiguration section */

/* Begin XCConfigurationList section */
		3B235F9B1BC6C65E00D4A921 /* Build configuration list for PBXProject "Locations" */ = {
			isa = XCConfigurationList;
			buildConfigurations = (
				3B235FBD1BC6C65E00D4A921 /* Debug */,
				3B235FBE1BC6C65E00D4A921 /* Release */,
			);
			defaultConfigurationIsVisible = 0;
			defaultConfigurationName = Release;
		};
		3B235FBF1BC6C65E00D4A921 /* Build configuration list for PBXNativeTarget "Locations" */ = {
			isa = XCConfigurationList;
			buildConfigurations = (
				3B235FC01BC6C65E00D4A921 /* Debug */,
				3B235FC11BC6C65E00D4A921 /* Release */,
			);
			defaultConfigurationIsVisible = 0;
		};
		3B235FC21BC6C65E00D4A921 /* Build configuration list for PBXNativeTarget "LocationsTests" */ = {
			isa = XCConfigurationList;
			buildConfigurations = (
				3B235FC31BC6C65E00D4A921 /* Debug */,
				3B235FC41BC6C65E00D4A921 /* Release */,
			);
			defaultConfigurationIsVisible = 0;
		};
/* End XCConfigurationList section */
	};
	rootObject = 3B235F981BC6C65E00D4A921 /* Project object */;
}
