// !$*UTF8*$!
{
	archiveVersion = 1;
	classes = {
	};
	objectVersion = 46;
	objects = {

/* Begin PBXBuildFile section */
		3B2E45C01BBAE33D00228B14 /* AppDelegate.swift in Sources */ = {isa = PBXBuildFile; fileRef = 3B2E45BF1BBAE33D00228B14 /* AppDelegate.swift */; };
		3B2E45C21BBAE33D00228B14 /* ViewController.swift in Sources */ = {isa = PBXBuildFile; fileRef = 3B2E45C11BBAE33D00228B14 /* ViewController.swift */; };
		3B2E45C51BBAE33D00228B14 /* Main.storyboard in Resources */ = {isa = PBXBuildFile; fileRef = 3B2E45C31BBAE33D00228B14 /* Main.storyboard */; };
		3B2E45C71BBAE33D00228B14 /* Images.xcassets in Resources */ = {isa = PBXBuildFile; fileRef = 3B2E45C61BBAE33D00228B14 /* Images.xcassets */; };
		3B2E45CA1BBAE33D00228B14 /* LaunchScreen.xib in Resources */ = {isa = PBXBuildFile; fileRef = 3B2E45C81BBAE33D00228B14 /* LaunchScreen.xib */; };
		3B2E45D61BBAE33D00228B14 /* test_scrollViewTests.swift in Sources */ = {isa = PBXBuildFile; fileRef = 3B2E45D51BBAE33D00228B14 /* test_scrollViewTests.swift */; };
/* End PBXBuildFile section */

/* Begin PBXContainerItemProxy section */
		3B2E45D01BBAE33D00228B14 /* PBXContainerItemProxy */ = {
			isa = PBXContainerItemProxy;
			containerPortal = 3B2E45B21BBAE33D00228B14 /* Project object */;
			proxyType = 1;
			remoteGlobalIDString = 3B2E45B91BBAE33D00228B14;
			remoteInfo = "test-scrollView";
		};
/* End PBXContainerItemProxy section */

/* Begin PBXFileReference section */
		3B2E45BA1BBAE33D00228B14 /* test-scrollView.app */ = {isa = PBXFileReference; explicitFileType = wrapper.application; includeInIndex = 0; path = "test-scrollView.app"; sourceTree = BUILT_PRODUCTS_DIR; };
		3B2E45BE1BBAE33D00228B14 /* Info.plist */ = {isa = PBXFileReference; lastKnownFileType = text.plist.xml; path = Info.plist; sourceTree = "<group>"; };
		3B2E45BF1BBAE33D00228B14 /* AppDelegate.swift */ = {isa = PBXFileReference; lastKnownFileType = sourcecode.swift; path = AppDelegate.swift; sourceTree = "<group>"; };
		3B2E45C11BBAE33D00228B14 /* ViewController.swift */ = {isa = PBXFileReference; lastKnownFileType = sourcecode.swift; path = ViewController.swift; sourceTree = "<group>"; };
		3B2E45C41BBAE33D00228B14 /* Base */ = {isa = PBXFileReference; lastKnownFileType = file.storyboard; name = Base; path = Base.lproj/Main.storyboard; sourceTree = "<group>"; };
		3B2E45C61BBAE33D00228B14 /* Images.xcassets */ = {isa = PBXFileReference; lastKnownFileType = folder.assetcatalog; path = Images.xcassets; sourceTree = "<group>"; };
		3B2E45C91BBAE33D00228B14 /* Base */ = {isa = PBXFileReference; lastKnownFileType = file.xib; name = Base; path = Base.lproj/LaunchScreen.xib; sourceTree = "<group>"; };
		3B2E45CF1BBAE33D00228B14 /* test-scrollViewTests.xctest */ = {isa = PBXFileReference; explicitFileType = wrapper.cfbundle; includeInIndex = 0; path = "test-scrollViewTests.xctest"; sourceTree = BUILT_PRODUCTS_DIR; };
		3B2E45D41BBAE33D00228B14 /* Info.plist */ = {isa = PBXFileReference; lastKnownFileType = text.plist.xml; path = Info.plist; sourceTree = "<group>"; };
		3B2E45D51BBAE33D00228B14 /* test_scrollViewTests.swift */ = {isa = PBXFileReference; lastKnownFileType = sourcecode.swift; path = test_scrollViewTests.swift; sourceTree = "<group>"; };
/* End PBXFileReference section */

/* Begin PBXFrameworksBuildPhase section */
		3B2E45B71BBAE33D00228B14 /* Frameworks */ = {
			isa = PBXFrameworksBuildPhase;
			buildActionMask = 2147483647;
			files = (
			);
			runOnlyForDeploymentPostprocessing = 0;
		};
		3B2E45CC1BBAE33D00228B14 /* Frameworks */ = {
			isa = PBXFrameworksBuildPhase;
			buildActionMask = 2147483647;
			files = (
			);
			runOnlyForDeploymentPostprocessing = 0;
		};
/* End PBXFrameworksBuildPhase section */

/* Begin PBXGroup section */
		3B2E45B11BBAE33D00228B14 = {
			isa = PBXGroup;
			children = (
				3B2E45BC1BBAE33D00228B14 /* test-scrollView */,
				3B2E45D21BBAE33D00228B14 /* test-scrollViewTests */,
				3B2E45BB1BBAE33D00228B14 /* Products */,
			);
			sourceTree = "<group>";
		};
		3B2E45BB1BBAE33D00228B14 /* Products */ = {
			isa = PBXGroup;
			children = (
				3B2E45BA1BBAE33D00228B14 /* test-scrollView.app */,
				3B2E45CF1BBAE33D00228B14 /* test-scrollViewTests.xctest */,
			);
			name = Products;
			sourceTree = "<group>";
		};
		3B2E45BC1BBAE33D00228B14 /* test-scrollView */ = {
			isa = PBXGroup;
			children = (
				3B2E45BF1BBAE33D00228B14 /* AppDelegate.swift */,
				3B2E45C11BBAE33D00228B14 /* ViewController.swift */,
				3B2E45C31BBAE33D00228B14 /* Main.storyboard */,
				3B2E45C61BBAE33D00228B14 /* Images.xcassets */,
				3B2E45C81BBAE33D00228B14 /* LaunchScreen.xib */,
				3B2E45BD1BBAE33D00228B14 /* Supporting Files */,
			);
			path = "test-scrollView";
			sourceTree = "<group>";
		};
		3B2E45BD1BBAE33D00228B14 /* Supporting Files */ = {
			isa = PBXGroup;
			children = (
				3B2E45BE1BBAE33D00228B14 /* Info.plist */,
			);
			name = "Supporting Files";
			sourceTree = "<group>";
		};
		3B2E45D21BBAE33D00228B14 /* test-scrollViewTests */ = {
			isa = PBXGroup;
			children = (
				3B2E45D51BBAE33D00228B14 /* test_scrollViewTests.swift */,
				3B2E45D31BBAE33D00228B14 /* Supporting Files */,
			);
			path = "test-scrollViewTests";
			sourceTree = "<group>";
		};
		3B2E45D31BBAE33D00228B14 /* Supporting Files */ = {
			isa = PBXGroup;
			children = (
				3B2E45D41BBAE33D00228B14 /* Info.plist */,
			);
			name = "Supporting Files";
			sourceTree = "<group>";
		};
/* End PBXGroup section */

/* Begin PBXNativeTarget section */
		3B2E45B91BBAE33D00228B14 /* test-scrollView */ = {
			isa = PBXNativeTarget;
			buildConfigurationList = 3B2E45D91BBAE33D00228B14 /* Build configuration list for PBXNativeTarget "test-scrollView" */;
			buildPhases = (
				3B2E45B61BBAE33D00228B14 /* Sources */,
				3B2E45B71BBAE33D00228B14 /* Frameworks */,
				3B2E45B81BBAE33D00228B14 /* Resources */,
			);
			buildRules = (
			);
			dependencies = (
			);
			name = "test-scrollView";
			productName = "test-scrollView";
			productReference = 3B2E45BA1BBAE33D00228B14 /* test-scrollView.app */;
			productType = "com.apple.product-type.application";
		};
		3B2E45CE1BBAE33D00228B14 /* test-scrollViewTests */ = {
			isa = PBXNativeTarget;
			buildConfigurationList = 3B2E45DC1BBAE33D00228B14 /* Build configuration list for PBXNativeTarget "test-scrollViewTests" */;
			buildPhases = (
				3B2E45CB1BBAE33D00228B14 /* Sources */,
				3B2E45CC1BBAE33D00228B14 /* Frameworks */,
				3B2E45CD1BBAE33D00228B14 /* Resources */,
			);
			buildRules = (
			);
			dependencies = (
				3B2E45D11BBAE33D00228B14 /* PBXTargetDependency */,
			);
			name = "test-scrollViewTests";
			productName = "test-scrollViewTests";
			productReference = 3B2E45CF1BBAE33D00228B14 /* test-scrollViewTests.xctest */;
			productType = "com.apple.product-type.bundle.unit-test";
		};
/* End PBXNativeTarget section */

/* Begin PBXProject section */
		3B2E45B21BBAE33D00228B14 /* Project object */ = {
			isa = PBXProject;
			attributes = {
				LastUpgradeCheck = 0640;
				ORGANIZATIONNAME = "Sterling Fraser";
				TargetAttributes = {
					3B2E45B91BBAE33D00228B14 = {
						CreatedOnToolsVersion = 6.4;
					};
					3B2E45CE1BBAE33D00228B14 = {
						CreatedOnToolsVersion = 6.4;
						TestTargetID = 3B2E45B91BBAE33D00228B14;
					};
				};
			};
			buildConfigurationList = 3B2E45B51BBAE33D00228B14 /* Build configuration list for PBXProject "test-scrollView" */;
			compatibilityVersion = "Xcode 3.2";
			developmentRegion = English;
			hasScannedForEncodings = 0;
			knownRegions = (
				en,
				Base,
			);
			mainGroup = 3B2E45B11BBAE33D00228B14;
			productRefGroup = 3B2E45BB1BBAE33D00228B14 /* Products */;
			projectDirPath = "";
			projectRoot = "";
			targets = (
				3B2E45B91BBAE33D00228B14 /* test-scrollView */,
				3B2E45CE1BBAE33D00228B14 /* test-scrollViewTests */,
			);
		};
/* End PBXProject section */

/* Begin PBXResourcesBuildPhase section */
		3B2E45B81BBAE33D00228B14 /* Resources */ = {
			isa = PBXResourcesBuildPhase;
			buildActionMask = 2147483647;
			files = (
				3B2E45C51BBAE33D00228B14 /* Main.storyboard in Resources */,
				3B2E45CA1BBAE33D00228B14 /* LaunchScreen.xib in Resources */,
				3B2E45C71BBAE33D00228B14 /* Images.xcassets in Resources */,
			);
			runOnlyForDeploymentPostprocessing = 0;
		};
		3B2E45CD1BBAE33D00228B14 /* Resources */ = {
			isa = PBXResourcesBuildPhase;
			buildActionMask = 2147483647;
			files = (
			);
			runOnlyForDeploymentPostprocessing = 0;
		};
/* End PBXResourcesBuildPhase section */

/* Begin PBXSourcesBuildPhase section */
		3B2E45B61BBAE33D00228B14 /* Sources */ = {
			isa = PBXSourcesBuildPhase;
			buildActionMask = 2147483647;
			files = (
				3B2E45C21BBAE33D00228B14 /* ViewController.swift in Sources */,
				3B2E45C01BBAE33D00228B14 /* AppDelegate.swift in Sources */,
			);
			runOnlyForDeploymentPostprocessing = 0;
		};
		3B2E45CB1BBAE33D00228B14 /* Sources */ = {
			isa = PBXSourcesBuildPhase;
			buildActionMask = 2147483647;
			files = (
				3B2E45D61BBAE33D00228B14 /* test_scrollViewTests.swift in Sources */,
			);
			runOnlyForDeploymentPostprocessing = 0;
		};
/* End PBXSourcesBuildPhase section */

/* Begin PBXTargetDependency section */
		3B2E45D11BBAE33D00228B14 /* PBXTargetDependency */ = {
			isa = PBXTargetDependency;
			target = 3B2E45B91BBAE33D00228B14 /* test-scrollView */;
			targetProxy = 3B2E45D01BBAE33D00228B14 /* PBXContainerItemProxy */;
		};
/* End PBXTargetDependency section */

/* Begin PBXVariantGroup section */
		3B2E45C31BBAE33D00228B14 /* Main.storyboard */ = {
			isa = PBXVariantGroup;
			children = (
				3B2E45C41BBAE33D00228B14 /* Base */,
			);
			name = Main.storyboard;
			sourceTree = "<group>";
		};
		3B2E45C81BBAE33D00228B14 /* LaunchScreen.xib */ = {
			isa = PBXVariantGroup;
			children = (
				3B2E45C91BBAE33D00228B14 /* Base */,
			);
			name = LaunchScreen.xib;
			sourceTree = "<group>";
		};
/* End PBXVariantGroup section */

/* Begin XCBuildConfiguration section */
		3B2E45D71BBAE33D00228B14 /* Debug */ = {
			isa = XCBuildConfiguration;
			buildSettings = {
				ALWAYS_SEARCH_USER_PATHS = NO;
				CLANG_CXX_LANGUAGE_STANDARD = "gnu++0x";
				CLANG_CXX_LIBRARY = "libc++";
				CLANG_ENABLE_MODULES = YES;
				CLANG_ENABLE_OBJC_ARC = YES;
				CLANG_WARN_BOOL_CONVERSION = YES;
				CLANG_WARN_CONSTANT_CONVERSION = YES;
				CLANG_WARN_DIRECT_OBJC_ISA_USAGE = YES_ERROR;
				CLANG_WARN_EMPTY_BODY = YES;
				CLANG_WARN_ENUM_CONVERSION = YES;
				CLANG_WARN_INT_CONVERSION = YES;
				CLANG_WARN_OBJC_ROOT_CLASS = YES_ERROR;
				CLANG_WARN_UNREACHABLE_CODE = YES;
				CLANG_WARN__DUPLICATE_METHOD_MATCH = YES;
				"CODE_SIGN_IDENTITY[sdk=iphoneos*]" = "iPhone Developer";
				COPY_PHASE_STRIP = NO;
				DEBUG_INFORMATION_FORMAT = "dwarf-with-dsym";
				ENABLE_STRICT_OBJC_MSGSEND = YES;
				GCC_C_LANGUAGE_STANDARD = gnu99;
				GCC_DYNAMIC_NO_PIC = NO;
				GCC_NO_COMMON_BLOCKS = YES;
				GCC_OPTIMIZATION_LEVEL = 0;
				GCC_PREPROCESSOR_DEFINITIONS = (
					"DEBUG=1",
					"$(inherited)",
				);
				GCC_SYMBOLS_PRIVATE_EXTERN = NO;
				GCC_WARN_64_TO_32_BIT_CONVERSION = YES;
				GCC_WARN_ABOUT_RETURN_TYPE = YES_ERROR;
				GCC_WARN_UNDECLARED_SELECTOR = YES;
				GCC_WARN_UNINITIALIZED_AUTOS = YES_AGGRESSIVE;
				GCC_WARN_UNUSED_FUNCTION = YES;
				GCC_WARN_UNUSED_VARIABLE = YES;
				IPHONEOS_DEPLOYMENT_TARGET = 8.4;
				MTL_ENABLE_DEBUG_INFO = YES;
				ONLY_ACTIVE_ARCH = YES;
				SDKROOT = iphoneos;
				SWIFT_OPTIMIZATION_LEVEL = "-Onone";
			};
			name = Debug;
		};
		3B2E45D81BBAE33D00228B14 /* Release */ = {
			isa = XCBuildConfiguration;
			buildSettings = {
				ALWAYS_SEARCH_USER_PATHS = NO;
				CLANG_CXX_LANGUAGE_STANDARD = "gnu++0x";
				CLANG_CXX_LIBRARY = "libc++";
				CLANG_ENABLE_MODULES = YES;
				CLANG_ENABLE_OBJC_ARC = YES;
				CLANG_WARN_BOOL_CONVERSION = YES;
				CLANG_WARN_CONSTANT_CONVERSION = YES;
				CLANG_WARN_DIRECT_OBJC_ISA_USAGE = YES_ERROR;
				CLANG_WARN_EMPTY_BODY = YES;
				CLANG_WARN_ENUM_CONVERSION = YES;
				CLANG_WARN_INT_CONVERSION = YES;
				CLANG_WARN_OBJC_ROOT_CLASS = YES_ERROR;
				CLANG_WARN_UNREACHABLE_CODE = YES;
				CLANG_WARN__DUPLICATE_METHOD_MATCH = YES;
				"CODE_SIGN_IDENTITY[sdk=iphoneos*]" = "iPhone Developer";
				COPY_PHASE_STRIP = NO;
				DEBUG_INFORMATION_FORMAT = "dwarf-with-dsym";
				ENABLE_NS_ASSERTIONS = NO;
				ENABLE_STRICT_OBJC_MSGSEND = YES;
				GCC_C_LANGUAGE_STANDARD = gnu99;
				GCC_NO_COMMON_BLOCKS = YES;
				GCC_WARN_64_TO_32_BIT_CONVERSION = YES;
				GCC_WARN_ABOUT_RETURN_TYPE = YES_ERROR;
				GCC_WARN_UNDECLARED_SELECTOR = YES;
				GCC_WARN_UNINITIALIZED_AUTOS = YES_AGGRESSIVE;
				GCC_WARN_UNUSED_FUNCTION = YES;
				GCC_WARN_UNUSED_VARIABLE = YES;
				IPHONEOS_DEPLOYMENT_TARGET = 8.4;
				MTL_ENABLE_DEBUG_INFO = NO;
				SDKROOT = iphoneos;
				VALIDATE_PRODUCT = YES;
			};
			name = Release;
		};
		3B2E45DA1BBAE33D00228B14 /* Debug */ = {
			isa = XCBuildConfiguration;
			buildSettings = {
				ASSETCATALOG_COMPILER_APPICON_NAME = AppIcon;
				INFOPLIST_FILE = "test-scrollView/Info.plist";
				LD_RUNPATH_SEARCH_PATHS = "$(inherited) @executable_path/Frameworks";
				PRODUCT_NAME = "$(TARGET_NAME)";
			};
			name = Debug;
		};
		3B2E45DB1BBAE33D00228B14 /* Release */ = {
			isa = XCBuildConfiguration;
			buildSettings = {
				ASSETCATALOG_COMPILER_APPICON_NAME = AppIcon;
				INFOPLIST_FILE = "test-scrollView/Info.plist";
				LD_RUNPATH_SEARCH_PATHS = "$(inherited) @executable_path/Frameworks";
				PRODUCT_NAME = "$(TARGET_NAME)";
			};
			name = Release;
		};
		3B2E45DD1BBAE33D00228B14 /* Debug */ = {
			isa = XCBuildConfiguration;
			buildSettings = {
				BUNDLE_LOADER = "$(TEST_HOST)";
				FRAMEWORK_SEARCH_PATHS = (
					"$(SDKROOT)/Developer/Library/Frameworks",
					"$(inherited)",
				);
				GCC_PREPROCESSOR_DEFINITIONS = (
					"DEBUG=1",
					"$(inherited)",
				);
				INFOPLIST_FILE = "test-scrollViewTests/Info.plist";
				LD_RUNPATH_SEARCH_PATHS = "$(inherited) @executable_path/Frameworks @loader_path/Frameworks";
				PRODUCT_NAME = "$(TARGET_NAME)";
				TEST_HOST = "$(BUILT_PRODUCTS_DIR)/test-scrollView.app/test-scrollView";
			};
			name = Debug;
		};
		3B2E45DE1BBAE33D00228B14 /* Release */ = {
			isa = XCBuildConfiguration;
			buildSettings = {
				BUNDLE_LOADER = "$(TEST_HOST)";
				FRAMEWORK_SEARCH_PATHS = (
					"$(SDKROOT)/Developer/Library/Frameworks",
					"$(inherited)",
				);
				INFOPLIST_FILE = "test-scrollViewTests/Info.plist";
				LD_RUNPATH_SEARCH_PATHS = "$(inherited) @executable_path/Frameworks @loader_path/Frameworks";
				PRODUCT_NAME = "$(TARGET_NAME)";
				TEST_HOST = "$(BUILT_PRODUCTS_DIR)/test-scrollView.app/test-scrollView";
			};
			name = Release;
		};
/* End XCBuildConfiguration section */

/* Begin XCConfigurationList section */
		3B2E45B51BBAE33D00228B14 /* Build configuration list for PBXProject "test-scrollView" */ = {
			isa = XCConfigurationList;
			buildConfigurations = (
				3B2E45D71BBAE33D00228B14 /* Debug */,
				3B2E45D81BBAE33D00228B14 /* Release */,
			);
			defaultConfigurationIsVisible = 0;
			defaultConfigurationName = Release;
		};
		3B2E45D91BBAE33D00228B14 /* Build configuration list for PBXNativeTarget "test-scrollView" */ = {
			isa = XCConfigurationList;
			buildConfigurations = (
				3B2E45DA1BBAE33D00228B14 /* Debug */,
				3B2E45DB1BBAE33D00228B14 /* Release */,
			);
			defaultConfigurationIsVisible = 0;
		};
		3B2E45DC1BBAE33D00228B14 /* Build configuration list for PBXNativeTarget "test-scrollViewTests" */ = {
			isa = XCConfigurationList;
			buildConfigurations = (
				3B2E45DD1BBAE33D00228B14 /* Debug */,
				3B2E45DE1BBAE33D00228B14 /* Release */,
			);
			defaultConfigurationIsVisible = 0;
		};
/* End XCConfigurationList section */
	};
	rootObject = 3B2E45B21BBAE33D00228B14 /* Project object */;
}
