// !$*UTF8*$!
{
	archiveVersion = 1;
	classes = {
	};
	objectVersion = 46;
	objects = {

/* Begin PBXBuildFile section */
		3B54FAFB1BCFFE5100EB273A /* AppDelegate.swift in Sources */ = {isa = PBXBuildFile; fileRef = 3B54FAFA1BCFFE5100EB273A /* AppDelegate.swift */; };
		3B54FAFD1BCFFE5100EB273A /* ViewController.swift in Sources */ = {isa = PBXBuildFile; fileRef = 3B54FAFC1BCFFE5100EB273A /* ViewController.swift */; };
		3B54FB001BCFFE5100EB273A /* Main.storyboard in Resources */ = {isa = PBXBuildFile; fileRef = 3B54FAFE1BCFFE5100EB273A /* Main.storyboard */; };
		3B54FB021BCFFE5100EB273A /* Images.xcassets in Resources */ = {isa = PBXBuildFile; fileRef = 3B54FB011BCFFE5100EB273A /* Images.xcassets */; };
		3B54FB051BCFFE5100EB273A /* LaunchScreen.xib in Resources */ = {isa = PBXBuildFile; fileRef = 3B54FB031BCFFE5100EB273A /* LaunchScreen.xib */; };
		3B54FB111BCFFE5100EB273A /* RecorderTests.swift in Sources */ = {isa = PBXBuildFile; fileRef = 3B54FB101BCFFE5100EB273A /* RecorderTests.swift */; };
		3B54FB1B1BCFFEDE00EB273A /* AVFoundation.framework in Frameworks */ = {isa = PBXBuildFile; fileRef = 3B54FB1A1BCFFEDE00EB273A /* AVFoundation.framework */; };
/* End PBXBuildFile section */

/* Begin PBXContainerItemProxy section */
		3B54FB0B1BCFFE5100EB273A /* PBXContainerItemProxy */ = {
			isa = PBXContainerItemProxy;
			containerPortal = 3B54FAED1BCFFE5100EB273A /* Project object */;
			proxyType = 1;
			remoteGlobalIDString = 3B54FAF41BCFFE5100EB273A;
			remoteInfo = Recorder;
		};
/* End PBXContainerItemProxy section */

/* Begin PBXFileReference section */
		3B54FAF51BCFFE5100EB273A /* Recorder.app */ = {isa = PBXFileReference; explicitFileType = wrapper.application; includeInIndex = 0; path = Recorder.app; sourceTree = BUILT_PRODUCTS_DIR; };
		3B54FAF91BCFFE5100EB273A /* Info.plist */ = {isa = PBXFileReference; lastKnownFileType = text.plist.xml; path = Info.plist; sourceTree = "<group>"; };
		3B54FAFA1BCFFE5100EB273A /* AppDelegate.swift */ = {isa = PBXFileReference; lastKnownFileType = sourcecode.swift; path = AppDelegate.swift; sourceTree = "<group>"; };
		3B54FAFC1BCFFE5100EB273A /* ViewController.swift */ = {isa = PBXFileReference; lastKnownFileType = sourcecode.swift; path = ViewController.swift; sourceTree = "<group>"; };
		3B54FAFF1BCFFE5100EB273A /* Base */ = {isa = PBXFileReference; lastKnownFileType = file.storyboard; name = Base; path = Base.lproj/Main.storyboard; sourceTree = "<group>"; };
		3B54FB011BCFFE5100EB273A /* Images.xcassets */ = {isa = PBXFileReference; lastKnownFileType = folder.assetcatalog; path = Images.xcassets; sourceTree = "<group>"; };
		3B54FB041BCFFE5100EB273A /* Base */ = {isa = PBXFileReference; lastKnownFileType = file.xib; name = Base; path = Base.lproj/LaunchScreen.xib; sourceTree = "<group>"; };
		3B54FB0A1BCFFE5100EB273A /* RecorderTests.xctest */ = {isa = PBXFileReference; explicitFileType = wrapper.cfbundle; includeInIndex = 0; path = RecorderTests.xctest; sourceTree = BUILT_PRODUCTS_DIR; };
		3B54FB0F1BCFFE5100EB273A /* Info.plist */ = {isa = PBXFileReference; lastKnownFileType = text.plist.xml; path = Info.plist; sourceTree = "<group>"; };
		3B54FB101BCFFE5100EB273A /* RecorderTests.swift */ = {isa = PBXFileReference; lastKnownFileType = sourcecode.swift; path = RecorderTests.swift; sourceTree = "<group>"; };
		3B54FB1A1BCFFEDE00EB273A /* AVFoundation.framework */ = {isa = PBXFileReference; lastKnownFileType = wrapper.framework; name = AVFoundation.framework; path = System/Library/Frameworks/AVFoundation.framework; sourceTree = SDKROOT; };
/* End PBXFileReference section */

/* Begin PBXFrameworksBuildPhase section */
		3B54FAF21BCFFE5100EB273A /* Frameworks */ = {
			isa = PBXFrameworksBuildPhase;
			buildActionMask = 2147483647;
			files = (
				3B54FB1B1BCFFEDE00EB273A /* AVFoundation.framework in Frameworks */,
			);
			runOnlyForDeploymentPostprocessing = 0;
		};
		3B54FB071BCFFE5100EB273A /* Frameworks */ = {
			isa = PBXFrameworksBuildPhase;
			buildActionMask = 2147483647;
			files = (
			);
			runOnlyForDeploymentPostprocessing = 0;
		};
/* End PBXFrameworksBuildPhase section */

/* Begin PBXGroup section */
		3B54FAEC1BCFFE5100EB273A = {
			isa = PBXGroup;
			children = (
				3B54FB1A1BCFFEDE00EB273A /* AVFoundation.framework */,
				3B54FAF71BCFFE5100EB273A /* Recorder */,
				3B54FB0D1BCFFE5100EB273A /* RecorderTests */,
				3B54FAF61BCFFE5100EB273A /* Products */,
			);
			sourceTree = "<group>";
		};
		3B54FAF61BCFFE5100EB273A /* Products */ = {
			isa = PBXGroup;
			children = (
				3B54FAF51BCFFE5100EB273A /* Recorder.app */,
				3B54FB0A1BCFFE5100EB273A /* RecorderTests.xctest */,
			);
			name = Products;
			sourceTree = "<group>";
		};
		3B54FAF71BCFFE5100EB273A /* Recorder */ = {
			isa = PBXGroup;
			children = (
				3B54FAFA1BCFFE5100EB273A /* AppDelegate.swift */,
				3B54FAFC1BCFFE5100EB273A /* ViewController.swift */,
				3B54FAFE1BCFFE5100EB273A /* Main.storyboard */,
				3B54FB011BCFFE5100EB273A /* Images.xcassets */,
				3B54FB031BCFFE5100EB273A /* LaunchScreen.xib */,
				3B54FAF81BCFFE5100EB273A /* Supporting Files */,
			);
			path = Recorder;
			sourceTree = "<group>";
		};
		3B54FAF81BCFFE5100EB273A /* Supporting Files */ = {
			isa = PBXGroup;
			children = (
				3B54FAF91BCFFE5100EB273A /* Info.plist */,
			);
			name = "Supporting Files";
			sourceTree = "<group>";
		};
		3B54FB0D1BCFFE5100EB273A /* RecorderTests */ = {
			isa = PBXGroup;
			children = (
				3B54FB101BCFFE5100EB273A /* RecorderTests.swift */,
				3B54FB0E1BCFFE5100EB273A /* Supporting Files */,
			);
			path = RecorderTests;
			sourceTree = "<group>";
		};
		3B54FB0E1BCFFE5100EB273A /* Supporting Files */ = {
			isa = PBXGroup;
			children = (
				3B54FB0F1BCFFE5100EB273A /* Info.plist */,
			);
			name = "Supporting Files";
			sourceTree = "<group>";
		};
/* End PBXGroup section */

/* Begin PBXNativeTarget section */
		3B54FAF41BCFFE5100EB273A /* Recorder */ = {
			isa = PBXNativeTarget;
			buildConfigurationList = 3B54FB141BCFFE5100EB273A /* Build configuration list for PBXNativeTarget "Recorder" */;
			buildPhases = (
				3B54FAF11BCFFE5100EB273A /* Sources */,
				3B54FAF21BCFFE5100EB273A /* Frameworks */,
				3B54FAF31BCFFE5100EB273A /* Resources */,
			);
			buildRules = (
			);
			dependencies = (
			);
			name = Recorder;
			productName = Recorder;
			productReference = 3B54FAF51BCFFE5100EB273A /* Recorder.app */;
			productType = "com.apple.product-type.application";
		};
		3B54FB091BCFFE5100EB273A /* RecorderTests */ = {
			isa = PBXNativeTarget;
			buildConfigurationList = 3B54FB171BCFFE5100EB273A /* Build configuration list for PBXNativeTarget "RecorderTests" */;
			buildPhases = (
				3B54FB061BCFFE5100EB273A /* Sources */,
				3B54FB071BCFFE5100EB273A /* Frameworks */,
				3B54FB081BCFFE5100EB273A /* Resources */,
			);
			buildRules = (
			);
			dependencies = (
				3B54FB0C1BCFFE5100EB273A /* PBXTargetDependency */,
			);
			name = RecorderTests;
			productName = RecorderTests;
			productReference = 3B54FB0A1BCFFE5100EB273A /* RecorderTests.xctest */;
			productType = "com.apple.product-type.bundle.unit-test";
		};
/* End PBXNativeTarget section */

/* Begin PBXProject section */
		3B54FAED1BCFFE5100EB273A /* Project object */ = {
			isa = PBXProject;
			attributes = {
				LastUpgradeCheck = 0640;
				ORGANIZATIONNAME = "Sterling Fraser";
				TargetAttributes = {
					3B54FAF41BCFFE5100EB273A = {
						CreatedOnToolsVersion = 6.4;
					};
					3B54FB091BCFFE5100EB273A = {
						CreatedOnToolsVersion = 6.4;
						TestTargetID = 3B54FAF41BCFFE5100EB273A;
					};
				};
			};
			buildConfigurationList = 3B54FAF01BCFFE5100EB273A /* Build configuration list for PBXProject "Recorder" */;
			compatibilityVersion = "Xcode 3.2";
			developmentRegion = English;
			hasScannedForEncodings = 0;
			knownRegions = (
				en,
				Base,
			);
			mainGroup = 3B54FAEC1BCFFE5100EB273A;
			productRefGroup = 3B54FAF61BCFFE5100EB273A /* Products */;
			projectDirPath = "";
			projectRoot = "";
			targets = (
				3B54FAF41BCFFE5100EB273A /* Recorder */,
				3B54FB091BCFFE5100EB273A /* RecorderTests */,
			);
		};
/* End PBXProject section */

/* Begin PBXResourcesBuildPhase section */
		3B54FAF31BCFFE5100EB273A /* Resources */ = {
			isa = PBXResourcesBuildPhase;
			buildActionMask = 2147483647;
			files = (
				3B54FB001BCFFE5100EB273A /* Main.storyboard in Resources */,
				3B54FB051BCFFE5100EB273A /* LaunchScreen.xib in Resources */,
				3B54FB021BCFFE5100EB273A /* Images.xcassets in Resources */,
			);
			runOnlyForDeploymentPostprocessing = 0;
		};
		3B54FB081BCFFE5100EB273A /* Resources */ = {
			isa = PBXResourcesBuildPhase;
			buildActionMask = 2147483647;
			files = (
			);
			runOnlyForDeploymentPostprocessing = 0;
		};
/* End PBXResourcesBuildPhase section */

/* Begin PBXSourcesBuildPhase section */
		3B54FAF11BCFFE5100EB273A /* Sources */ = {
			isa = PBXSourcesBuildPhase;
			buildActionMask = 2147483647;
			files = (
				3B54FAFD1BCFFE5100EB273A /* ViewController.swift in Sources */,
				3B54FAFB1BCFFE5100EB273A /* AppDelegate.swift in Sources */,
			);
			runOnlyForDeploymentPostprocessing = 0;
		};
		3B54FB061BCFFE5100EB273A /* Sources */ = {
			isa = PBXSourcesBuildPhase;
			buildActionMask = 2147483647;
			files = (
				3B54FB111BCFFE5100EB273A /* RecorderTests.swift in Sources */,
			);
			runOnlyForDeploymentPostprocessing = 0;
		};
/* End PBXSourcesBuildPhase section */

/* Begin PBXTargetDependency section */
		3B54FB0C1BCFFE5100EB273A /* PBXTargetDependency */ = {
			isa = PBXTargetDependency;
			target = 3B54FAF41BCFFE5100EB273A /* Recorder */;
			targetProxy = 3B54FB0B1BCFFE5100EB273A /* PBXContainerItemProxy */;
		};
/* End PBXTargetDependency section */

/* Begin PBXVariantGroup section */
		3B54FAFE1BCFFE5100EB273A /* Main.storyboard */ = {
			isa = PBXVariantGroup;
			children = (
				3B54FAFF1BCFFE5100EB273A /* Base */,
			);
			name = Main.storyboard;
			sourceTree = "<group>";
		};
		3B54FB031BCFFE5100EB273A /* LaunchScreen.xib */ = {
			isa = PBXVariantGroup;
			children = (
				3B54FB041BCFFE5100EB273A /* Base */,
			);
			name = LaunchScreen.xib;
			sourceTree = "<group>";
		};
/* End PBXVariantGroup section */

/* Begin XCBuildConfiguration section */
		3B54FB121BCFFE5100EB273A /* Debug */ = {
			isa = XCBuildConfiguration;
			buildSettings = {
				ALWAYS_SEARCH_USER_PATHS = NO;
				CLANG_CXX_LANGUAGE_STANDARD = "gnu++0x";
				CLANG_CXX_LIBRARY = "libc++";
				CLANG_ENABLE_MODULES = YES;
				CLANG_ENABLE_OBJC_ARC = YES;
				CLANG_WARN_BOOL_CONVERSION = YES;
				CLANG_WARN_CONSTANT_CONVERSION = YES;
				CLANG_WARN_DIRECT_OBJC_ISA_USAGE = YES_ERROR;
				CLANG_WARN_EMPTY_BODY = YES;
				CLANG_WARN_ENUM_CONVERSION = YES;
				CLANG_WARN_INT_CONVERSION = YES;
				CLANG_WARN_OBJC_ROOT_CLASS = YES_ERROR;
				CLANG_WARN_UNREACHABLE_CODE = YES;
				CLANG_WARN__DUPLICATE_METHOD_MATCH = YES;
				"CODE_SIGN_IDENTITY[sdk=iphoneos*]" = "iPhone Developer";
				COPY_PHASE_STRIP = NO;
				DEBUG_INFORMATION_FORMAT = "dwarf-with-dsym";
				ENABLE_STRICT_OBJC_MSGSEND = YES;
				GCC_C_LANGUAGE_STANDARD = gnu99;
				GCC_DYNAMIC_NO_PIC = NO;
				GCC_NO_COMMON_BLOCKS = YES;
				GCC_OPTIMIZATION_LEVEL = 0;
				GCC_PREPROCESSOR_DEFINITIONS = (
					"DEBUG=1",
					"$(inherited)",
				);
				GCC_SYMBOLS_PRIVATE_EXTERN = NO;
				GCC_WARN_64_TO_32_BIT_CONVERSION = YES;
				GCC_WARN_ABOUT_RETURN_TYPE = YES_ERROR;
				GCC_WARN_UNDECLARED_SELECTOR = YES;
				GCC_WARN_UNINITIALIZED_AUTOS = YES_AGGRESSIVE;
				GCC_WARN_UNUSED_FUNCTION = YES;
				GCC_WARN_UNUSED_VARIABLE = YES;
				IPHONEOS_DEPLOYMENT_TARGET = 8.4;
				MTL_ENABLE_DEBUG_INFO = YES;
				ONLY_ACTIVE_ARCH = YES;
				SDKROOT = iphoneos;
				SWIFT_OPTIMIZATION_LEVEL = "-Onone";
				TARGETED_DEVICE_FAMILY = "1,2";
			};
			name = Debug;
		};
		3B54FB131BCFFE5100EB273A /* Release */ = {
			isa = XCBuildConfiguration;
			buildSettings = {
				ALWAYS_SEARCH_USER_PATHS = NO;
				CLANG_CXX_LANGUAGE_STANDARD = "gnu++0x";
				CLANG_CXX_LIBRARY = "libc++";
				CLANG_ENABLE_MODULES = YES;
				CLANG_ENABLE_OBJC_ARC = YES;
				CLANG_WARN_BOOL_CONVERSION = YES;
				CLANG_WARN_CONSTANT_CONVERSION = YES;
				CLANG_WARN_DIRECT_OBJC_ISA_USAGE = YES_ERROR;
				CLANG_WARN_EMPTY_BODY = YES;
				CLANG_WARN_ENUM_CONVERSION = YES;
				CLANG_WARN_INT_CONVERSION = YES;
				CLANG_WARN_OBJC_ROOT_CLASS = YES_ERROR;
				CLANG_WARN_UNREACHABLE_CODE = YES;
				CLANG_WARN__DUPLICATE_METHOD_MATCH = YES;
				"CODE_SIGN_IDENTITY[sdk=iphoneos*]" = "iPhone Developer";
				COPY_PHASE_STRIP = NO;
				DEBUG_INFORMATION_FORMAT = "dwarf-with-dsym";
				ENABLE_NS_ASSERTIONS = NO;
				ENABLE_STRICT_OBJC_MSGSEND = YES;
				GCC_C_LANGUAGE_STANDARD = gnu99;
				GCC_NO_COMMON_BLOCKS = YES;
				GCC_WARN_64_TO_32_BIT_CONVERSION = YES;
				GCC_WARN_ABOUT_RETURN_TYPE = YES_ERROR;
				GCC_WARN_UNDECLARED_SELECTOR = YES;
				GCC_WARN_UNINITIALIZED_AUTOS = YES_AGGRESSIVE;
				GCC_WARN_UNUSED_FUNCTION = YES;
				GCC_WARN_UNUSED_VARIABLE = YES;
				IPHONEOS_DEPLOYMENT_TARGET = 8.4;
				MTL_ENABLE_DEBUG_INFO = NO;
				SDKROOT = iphoneos;
				TARGETED_DEVICE_FAMILY = "1,2";
				VALIDATE_PRODUCT = YES;
			};
			name = Release;
		};
		3B54FB151BCFFE5100EB273A /* Debug */ = {
			isa = XCBuildConfiguration;
			buildSettings = {
				ASSETCATALOG_COMPILER_APPICON_NAME = AppIcon;
				INFOPLIST_FILE = Recorder/Info.plist;
				LD_RUNPATH_SEARCH_PATHS = "$(inherited) @executable_path/Frameworks";
				PRODUCT_NAME = "$(TARGET_NAME)";
			};
			name = Debug;
		};
		3B54FB161BCFFE5100EB273A /* Release */ = {
			isa = XCBuildConfiguration;
			buildSettings = {
				ASSETCATALOG_COMPILER_APPICON_NAME = AppIcon;
				INFOPLIST_FILE = Recorder/Info.plist;
				LD_RUNPATH_SEARCH_PATHS = "$(inherited) @executable_path/Frameworks";
				PRODUCT_NAME = "$(TARGET_NAME)";
			};
			name = Release;
		};
		3B54FB181BCFFE5100EB273A /* Debug */ = {
			isa = XCBuildConfiguration;
			buildSettings = {
				BUNDLE_LOADER = "$(TEST_HOST)";
				FRAMEWORK_SEARCH_PATHS = (
					"$(SDKROOT)/Developer/Library/Frameworks",
					"$(inherited)",
				);
				GCC_PREPROCESSOR_DEFINITIONS = (
					"DEBUG=1",
					"$(inherited)",
				);
				INFOPLIST_FILE = RecorderTests/Info.plist;
				LD_RUNPATH_SEARCH_PATHS = "$(inherited) @executable_path/Frameworks @loader_path/Frameworks";
				PRODUCT_NAME = "$(TARGET_NAME)";
				TEST_HOST = "$(BUILT_PRODUCTS_DIR)/Recorder.app/Recorder";
			};
			name = Debug;
		};
		3B54FB191BCFFE5100EB273A /* Release */ = {
			isa = XCBuildConfiguration;
			buildSettings = {
				BUNDLE_LOADER = "$(TEST_HOST)";
				FRAMEWORK_SEARCH_PATHS = (
					"$(SDKROOT)/Developer/Library/Frameworks",
					"$(inherited)",
				);
				INFOPLIST_FILE = RecorderTests/Info.plist;
				LD_RUNPATH_SEARCH_PATHS = "$(inherited) @executable_path/Frameworks @loader_path/Frameworks";
				PRODUCT_NAME = "$(TARGET_NAME)";
				TEST_HOST = "$(BUILT_PRODUCTS_DIR)/Recorder.app/Recorder";
			};
			name = Release;
		};
/* End XCBuildConfiguration section */

/* Begin XCConfigurationList section */
		3B54FAF01BCFFE5100EB273A /* Build configuration list for PBXProject "Recorder" */ = {
			isa = XCConfigurationList;
			buildConfigurations = (
				3B54FB121BCFFE5100EB273A /* Debug */,
				3B54FB131BCFFE5100EB273A /* Release */,
			);
			defaultConfigurationIsVisible = 0;
			defaultConfigurationName = Release;
		};
		3B54FB141BCFFE5100EB273A /* Build configuration list for PBXNativeTarget "Recorder" */ = {
			isa = XCConfigurationList;
			buildConfigurations = (
				3B54FB151BCFFE5100EB273A /* Debug */,
				3B54FB161BCFFE5100EB273A /* Release */,
			);
			defaultConfigurationIsVisible = 0;
		};
		3B54FB171BCFFE5100EB273A /* Build configuration list for PBXNativeTarget "RecorderTests" */ = {
			isa = XCConfigurationList;
			buildConfigurations = (
				3B54FB181BCFFE5100EB273A /* Debug */,
				3B54FB191BCFFE5100EB273A /* Release */,
			);
			defaultConfigurationIsVisible = 0;
		};
/* End XCConfigurationList section */
	};
	rootObject = 3B54FAED1BCFFE5100EB273A /* Project object */;
}
